<?xml version="1.0" encoding="utf-8"?>
<Project ToolsVersion="4.0" xmlns="http://schemas.microsoft.com/developer/msbuild/2003">
  <ItemGroup>
    <Filter Include="소스 파일">
      <UniqueIdentifier>{4FC737F1-C7A5-4376-A066-2A32D752A2FF}</UniqueIdentifier>
      <Extensions>cpp;c;cc;cxx;c++;cppm;ixx;def;odl;idl;hpj;bat;asm;asmx</Extensions>
    </Filter>
    <Filter Include="리소스 파일">
      <UniqueIdentifier>{67DA6AB6-F800-4c08-8B7A-83BB121AAD01}</UniqueIdentifier>
      <Extensions>rc;ico;cur;bmp;dlg;rc2;rct;bin;rgs;gif;jpg;jpeg;jpe;resx;tiff;tif;png;wav;mfcribbon-ms</Extensions>
    </Filter>
    <Filter Include="소스 파일\Game">
      <UniqueIdentifier>{2e066a45-37ee-4707-9f1b-d718ad0fb340}</UniqueIdentifier>
    </Filter>
    <Filter Include="소스 파일\Framework">
      <UniqueIdentifier>{6448e12d-1b5e-41e6-840e-83390bd3f26f}</UniqueIdentifier>
    </Filter>
    <Filter Include="소스 파일\Framework\Component">
      <UniqueIdentifier>{9835c232-3a22-4a08-9fc3-8aa56a7a296a}</UniqueIdentifier>
    </Filter>
    <Filter Include="소스 파일\Framework\GameObject">
      <UniqueIdentifier>{b33bbb3b-eb55-4034-9c80-1372259fb366}</UniqueIdentifier>
    </Filter>
    <Filter Include="소스 파일\Game\GameObject">
      <UniqueIdentifier>{aeb6c6ad-f4bb-469e-9f84-124549f769e4}</UniqueIdentifier>
    </Filter>
    <Filter Include="소스 파일\Game\Component">
      <UniqueIdentifier>{dc0c4360-6804-4c76-942b-735396fdd61d}</UniqueIdentifier>
    </Filter>
    <Filter Include="소스 파일\Framework\Library">
      <UniqueIdentifier>{fe365da2-05ed-4477-877a-20269ae43cae}</UniqueIdentifier>
    </Filter>
    <Filter Include="소스 파일\Framework\Scene">
      <UniqueIdentifier>{e6bee70a-8bfd-49ba-a41e-e0f54ded0be0}</UniqueIdentifier>
    </Filter>
    <Filter Include="소스 파일\Framework\Util">
      <UniqueIdentifier>{9d846db7-e30a-4bc4-a3ce-f981935422e2}</UniqueIdentifier>
    </Filter>
    <Filter Include="소스 파일\Game\Scene">
      <UniqueIdentifier>{ad57feca-08e5-42af-babd-09924dcab9c5}</UniqueIdentifier>
    </Filter>
    <Filter Include="소스 파일\Framework\Resource">
      <UniqueIdentifier>{0faece37-8e6e-4d24-b348-42ca91eb65b3}</UniqueIdentifier>
    </Filter>
    <Filter Include="소스 파일\Framework\Network">
      <UniqueIdentifier>{bd8ca0a7-bd93-4e59-bf3d-f26e455ac2dc}</UniqueIdentifier>
    </Filter>
  </ItemGroup>
  <ItemGroup>
    <ClInclude Include="Camera.h">
      <Filter>소스 파일\Game\Component</Filter>
    </ClInclude>
    <ClInclude Include="DDSTextureLoader12.h">
      <Filter>소스 파일\Framework\Library</Filter>
    </ClInclude>
    <ClInclude Include="WICTextureLoader12.h">
      <Filter>소스 파일\Framework\Library</Filter>
    </ClInclude>
    <ClInclude Include="stdafx.h">
      <Filter>소스 파일\Framework\Library</Filter>
    </ClInclude>
    <ClInclude Include="targetver.h">
      <Filter>소스 파일\Framework\Library</Filter>
    </ClInclude>
    <ClInclude Include="Resource.h">
      <Filter>소스 파일\Framework\Library</Filter>
    </ClInclude>
    <ClInclude Include="Mesh.h">
      <Filter>소스 파일\Framework\Resource</Filter>
    </ClInclude>
    <ClInclude Include="Shader.h">
      <Filter>소스 파일\Framework\Resource</Filter>
    </ClInclude>
    <ClInclude Include="Transform.h">
      <Filter>소스 파일\Game\Component</Filter>
    </ClInclude>
    <ClInclude Include="Collider.h">
      <Filter>소스 파일\Game\Component</Filter>
    </ClInclude>
    <ClInclude Include="RigidBody.h">
      <Filter>소스 파일\Game\Component</Filter>
    </ClInclude>
    <ClInclude Include="Material.h">
      <Filter>소스 파일\Framework\Resource</Filter>
    </ClInclude>
    <ClInclude Include="Texture.h">
      <Filter>소스 파일\Framework\Resource</Filter>
    </ClInclude>
    <ClInclude Include="AnimationSet.h">
      <Filter>소스 파일\Framework\Resource</Filter>
    </ClInclude>
    <ClInclude Include="AnimationController.h">
      <Filter>소스 파일\Game\Component</Filter>
    </ClInclude>
    <ClInclude Include="GameScene.h">
      <Filter>소스 파일\Game\Scene</Filter>
    </ClInclude>
    <ClInclude Include="LoadingScene.h">
      <Filter>소스 파일\Game\Scene</Filter>
    </ClInclude>
    <ClInclude Include="Zombie.h">
      <Filter>소스 파일\Game\GameObject</Filter>
    </ClInclude>
    <ClInclude Include="NetworkClient.h">
      <Filter>소스 파일\Framework\Network</Filter>
    </ClInclude>
    <ClInclude Include="OnlineScene.h">
      <Filter>소스 파일\Game\Scene</Filter>
    </ClInclude>
    <ClInclude Include="Player.h">
      <Filter>소스 파일\Game\GameObject</Filter>
    </ClInclude>
    <ClInclude Include="CollisionChecker.h">
      <Filter>소스 파일\Game\GameObject</Filter>
    </ClInclude>
    <ClInclude Include="GameTimer.h">
      <Filter>소스 파일\Framework\Util</Filter>
    </ClInclude>
    <ClInclude Include="Gun.h">
      <Filter>소스 파일\Game\GameObject</Filter>
    </ClInclude>
    <ClInclude Include="ResourceManager.h">
      <Filter>소스 파일\Framework\Resource</Filter>
    </ClInclude>
    <ClInclude Include="TitleScene.h">
      <Filter>소스 파일\Game\Scene</Filter>
    </ClInclude>
    <ClInclude Include="Client.h">
      <Filter>소스 파일\Framework</Filter>
    </ClInclude>
    <ClInclude Include="GameFramework.h">
      <Filter>소스 파일\Framework</Filter>
    </ClInclude>
    <ClInclude Include="Component.h">
      <Filter>소스 파일\Framework\Component</Filter>
    </ClInclude>
    <ClInclude Include="GameObject.h">
      <Filter>소스 파일\Framework\GameObject</Filter>
    </ClInclude>
    <ClInclude Include="Scene.h">
      <Filter>소스 파일\Framework\Scene</Filter>
    </ClInclude>
    <ClInclude Include="Sprite.h">
      <Filter>소스 파일\Framework\GameObject</Filter>
    </ClInclude>
    <ClInclude Include="GaugeBar.h">
      <Filter>소스 파일\Game\GameObject</Filter>
    </ClInclude>
    <ClInclude Include="TestScene.h">
      <Filter>소스 파일\Game\Scene</Filter>
    </ClInclude>
    <ClInclude Include="ModelComponent.h">
      <Filter>소스 파일\Game\Component</Filter>
    </ClInclude>
    <ClInclude Include="TextComponent.h">
      <Filter>소스 파일\Game\Component</Filter>
    </ClInclude>
  </ItemGroup>
  <ItemGroup>
    <ClCompile Include="Camera.cpp">
      <Filter>소스 파일\Game\Component</Filter>
    </ClCompile>
    <ClCompile Include="DDSTextureLoader12.cpp">
      <Filter>소스 파일\Framework\Library</Filter>
    </ClCompile>
    <ClCompile Include="WICTextureLoader12.cpp">
      <Filter>소스 파일\Framework\Library</Filter>
    </ClCompile>
    <ClCompile Include="stdafx.cpp">
      <Filter>소스 파일\Framework\Library</Filter>
    </ClCompile>
    <ClCompile Include="Mesh.cpp">
      <Filter>소스 파일\Framework\Resource</Filter>
    </ClCompile>
    <ClCompile Include="Shader.cpp">
      <Filter>소스 파일\Framework\Resource</Filter>
    </ClCompile>
    <ClCompile Include="Transform.cpp">
      <Filter>소스 파일\Game\Component</Filter>
    </ClCompile>
    <ClCompile Include="Collider.cpp">
      <Filter>소스 파일\Game\Component</Filter>
    </ClCompile>
    <ClCompile Include="RigidBody.cpp">
      <Filter>소스 파일\Game\Component</Filter>
    </ClCompile>
    <ClCompile Include="Material.cpp">
      <Filter>소스 파일\Framework\Resource</Filter>
    </ClCompile>
    <ClCompile Include="Texture.cpp">
      <Filter>소스 파일\Framework\Resource</Filter>
    </ClCompile>
    <ClCompile Include="AnimationSet.cpp">
      <Filter>소스 파일\Framework\Resource</Filter>
    </ClCompile>
    <ClCompile Include="AnimationController.cpp">
      <Filter>소스 파일\Game\Component</Filter>
    </ClCompile>
    <ClCompile Include="GameScene.cpp">
      <Filter>소스 파일\Game\Scene</Filter>
    </ClCompile>
    <ClCompile Include="LoadingScene.cpp">
      <Filter>소스 파일\Game\Scene</Filter>
    </ClCompile>
    <ClCompile Include="Zombie.cpp">
      <Filter>소스 파일\Game\GameObject</Filter>
    </ClCompile>
    <ClCompile Include="NetworkClient.cpp">
      <Filter>소스 파일\Framework\Network</Filter>
    </ClCompile>
    <ClCompile Include="OnlineScene.cpp">
      <Filter>소스 파일\Game\Scene</Filter>
    </ClCompile>
    <ClCompile Include="Player.cpp">
      <Filter>소스 파일\Game\GameObject</Filter>
    </ClCompile>
    <ClCompile Include="CollisionChecker.cpp">
      <Filter>소스 파일\Game\GameObject</Filter>
    </ClCompile>
    <ClCompile Include="GameTimer.cpp">
      <Filter>소스 파일\Framework\Util</Filter>
    </ClCompile>
    <ClCompile Include="Gun.cpp">
      <Filter>소스 파일\Game\GameObject</Filter>
    </ClCompile>
    <ClCompile Include="ResourceManager.cpp">
      <Filter>소스 파일\Framework\Resource</Filter>
    </ClCompile>
    <ClCompile Include="TitleScene.cpp">
      <Filter>소스 파일\Game\Scene</Filter>
    </ClCompile>
    <ClCompile Include="Client.cpp">
      <Filter>소스 파일\Framework</Filter>
    </ClCompile>
    <ClCompile Include="GameFramework.cpp">
      <Filter>소스 파일\Framework</Filter>
    </ClCompile>
    <ClCompile Include="Component.cpp">
      <Filter>소스 파일\Framework\Component</Filter>
    </ClCompile>
    <ClCompile Include="GameObject.cpp">
      <Filter>소스 파일\Framework\GameObject</Filter>
    </ClCompile>
    <ClCompile Include="Scene.cpp">
      <Filter>소스 파일\Framework\Scene</Filter>
    </ClCompile>
    <ClCompile Include="Sprite.cpp">
      <Filter>소스 파일\Framework\GameObject</Filter>
    </ClCompile>
    <ClCompile Include="GaugeBar.cpp">
      <Filter>소스 파일\Game\GameObject</Filter>
    </ClCompile>
    <ClCompile Include="TestScene.cpp">
      <Filter>소스 파일\Game\Scene</Filter>
    </ClCompile>
    <ClCompile Include="ModelComponent.cpp">
      <Filter>소스 파일\Game\Component</Filter>
    </ClCompile>
    <ClCompile Include="TextComponent.cpp">
      <Filter>소스 파일\Game\Component</Filter>
    </ClCompile>
  </ItemGroup>
  <ItemGroup>
    <ResourceCompile Include="Client.rc">
      <Filter>리소스 파일</Filter>
    </ResourceCompile>
  </ItemGroup>
  <ItemGroup>
    <Image Include="small.ico">
      <Filter>리소스 파일</Filter>
    </Image>
    <Image Include="Client.ico">
      <Filter>리소스 파일</Filter>
    </Image>
  </ItemGroup>
  <ItemGroup>
    <FxCompile Include="Light.hlsl" />
    <FxCompile Include="Shaders.hlsl" />
  </ItemGroup>
</Project>