
Microsoft Visual Studio Solution File, Format Version 12.00
# Visual Studio Version 17
VisualStudioVersion = 17.9.34622.214
MinimumVisualStudioVersion = 10.0.40219.1
Project("{8BC9CEB8-8B4A-11D0-8D11-00A0C91BC942}") = "Server", "Server.vcxproj", "{7513A2B7-A40E-4915-9B62-290B76C855FC}"
EndProject
Global
	GlobalSection(SolutionConfigurationPlatforms) = preSolution
		Debug|x64 = Debug|x64
		Debug|x86 = Debug|x86
		Release|x64 = Release|x64
		Release|x86 = Release|x86
	EndGlobalSection
	GlobalSection(ProjectConfigurationPlatforms) = postSolution
		{7513A2B7-A40E-4915-9B62-290B76C855FC}.Debug|x64.ActiveCfg = Debug|x64
		{7513A2B7-A40E-4915-9B62-290B76C855FC}.Debug|x64.Build.0 = Debug|x64
		{7513A2B7-A40E-4915-9B62-290B76C855FC}.Debug|x86.ActiveCfg = Debug|Win32
		{7513A2B7-A40E-4915-9B62-290B76C855FC}.Debug|x86.Build.0 = Debug|Win32
		{7513A2B7-A40E-4915-9B62-290B76C855FC}.Release|x64.ActiveCfg = Release|x64
		{7513A2B7-A40E-4915-9B62-290B76C855FC}.Release|x64.Build.0 = Release|x64
		{7513A2B7-A40E-4915-9B62-290B76C855FC}.Release|x86.ActiveCfg = Release|Win32
		{7513A2B7-A40E-4915-9B62-290B76C855FC}.Release|x86.Build.0 = Release|Win32
	EndGlobalSection
	GlobalSection(SolutionProperties) = preSolution
		HideSolutionNode = FALSE
	EndGlobalSection
	GlobalSection(ExtensibilityGlobals) = postSolution
		SolutionGuid = {C51F71B8-E67D-4940-8C6B-CB1F2D141A8A}
	EndGlobalSection
EndGlobal
